<?xml version="1.0" encoding="utf-8"?>
<Project ToolsVersion="4.0" xmlns="http://schemas.microsoft.com/developer/msbuild/2003">
  <ItemGroup>
    <Filter Include="Source Files">
      <UniqueIdentifier>{4FC737F1-C7A5-4376-A066-2A32D752A2FF}</UniqueIdentifier>
      <Extensions>cpp;c;cc;cxx;def;odl;idl;hpj;bat;asm;asmx</Extensions>
    </Filter>
    <Filter Include="Header Files">
      <UniqueIdentifier>{93995380-89BD-4b04-88EB-625FBE52EBFB}</UniqueIdentifier>
      <Extensions>h;hh;hpp;hxx;hm;inl;inc;xsd</Extensions>
    </Filter>
    <Filter Include="Resource Files">
      <UniqueIdentifier>{67DA6AB6-F800-4c08-8B7A-83BB121AAD01}</UniqueIdentifier>
      <Extensions>rc;ico;cur;bmp;dlg;rc2;rct;bin;rgs;gif;jpg;jpeg;jpe;resx;tiff;tif;png;wav;mfcribbon-ms</Extensions>
    </Filter>
    <Filter Include="sql">
      <UniqueIdentifier>{9e18c297-429d-46fd-a663-657d52bf8ce6}</UniqueIdentifier>
    </Filter>
  </ItemGroup>
  <ItemGroup>
    <ClCompile Include="src\c_PigeonLocation_config.cpp">
      <Filter>Source Files</Filter>
    </ClCompile>
    <ClCompile Include="src\c_PigeonLocation_Handle.cpp">
      <Filter>Source Files</Filter>
    </ClCompile>
    <ClCompile Include="src\c_PigeonLocation_log.cpp">
      <Filter>Source Files</Filter>
    </ClCompile>
    <ClCompile Include="src\c_PigeonLocation_server.cpp">
      <Filter>Source Files</Filter>
    </ClCompile>
    <ClCompile Include="src\c_PigeonLocation_task.cpp">
      <Filter>Source Files</Filter>
    </ClCompile>
    <ClCompile Include="src\PigeonLocation.cpp">
      <Filter>Source Files</Filter>
    </ClCompile>
    <ClCompile Include="src\c_PigeonLocation_PigeonHandler.cpp">
      <Filter>Source Files</Filter>
    </ClCompile>
    <ClCompile Include="src\c_PigeonLocation_VehicleHandler.cpp">
      <Filter>Source Files</Filter>
    </ClCompile>
    <ClCompile Include="src\c_PigeonLocation_PigeonGatherHandler.cpp">
      <Filter>Source Files</Filter>
    </ClCompile>
    <ClCompile Include="src\c_PigeonLocation_HomingPosHandler.cpp">
      <Filter>Source Files</Filter>
    </ClCompile>
  </ItemGroup>
  <ItemGroup>
    <ClInclude Include="src\c_PigeonLocation_config.h">
      <Filter>Header Files</Filter>
    </ClInclude>
    <ClInclude Include="src\c_PigeonLocation_Handle.h">
      <Filter>Header Files</Filter>
    </ClInclude>
    <ClInclude Include="src\c_PigeonLocation_log.h">
      <Filter>Header Files</Filter>
    </ClInclude>
    <ClInclude Include="src\c_PigeonLocation_Public.h">
      <Filter>Header Files</Filter>
    </ClInclude>
    <ClInclude Include="src\c_PigeonLocation_server.h">
      <Filter>Header Files</Filter>
    </ClInclude>
    <ClInclude Include="src\c_PigeonLocation_task.h">
      <Filter>Header Files</Filter>
    </ClInclude>
    <ClInclude Include="src\c_PigeonLocation_PigeonHandler.h">
      <Filter>Header Files</Filter>
    </ClInclude>
    <ClInclude Include="src\c_PigeonLocation_VehicleHandler.h">
      <Filter>Header Files</Filter>
    </ClInclude>
    <ClInclude Include="src\c_PigeonLocation_PigeonGatherHandler.h">
      <Filter>Header Files</Filter>
    </ClInclude>
    <ClInclude Include="src\c_PigeonLocation_HomingPosHandler.h">
      <Filter>Header Files</Filter>
    </ClInclude>
  </ItemGroup>
  <ItemGroup>
    <None Include="PigeonLocation.ini" />
    <None Include="src\makefile" />
  </ItemGroup>
  <ItemGroup>
    <Text Include="MB_BSS_TERMINAL_LOCATION.sql">
      <Filter>sql</Filter>
    </Text>
    <Text Include="ADD_PARTION_MB_BSS_TERMINAL_LOCATION.sql">
      <Filter>sql</Filter>
    </Text>
  </ItemGroup>
</Project>